
Microsoft Visual Studio Solution File, Format Version 12.00
# Visual Studio Version 16
VisualStudioVersion = 16.0.30611.23
MinimumVisualStudioVersion = 10.0.40219.1
Project("{FAE04EC0-301F-11D3-BF4B-00C04F79EFBC}") = "Biblioteca_site_database", "Biblioteca_site_database.csproj", "{7462EF6C-AEF5-4CAF-909D-38EC7C362EDD}"
EndProject
Global
	GlobalSection(SolutionConfigurationPlatforms) = preSolution
		Debug|Any CPU = Debug|Any CPU
		Release|Any CPU = Release|Any CPU
	EndGlobalSection
	GlobalSection(ProjectConfigurationPlatforms) = postSolution
		{7462EF6C-AEF5-4CAF-909D-38EC7C362EDD}.Debug|Any CPU.ActiveCfg = Debug|Any CPU
		{7462EF6C-AEF5-4CAF-909D-38EC7C362EDD}.Debug|Any CPU.Build.0 = Debug|Any CPU
		{7462EF6C-AEF5-4CAF-909D-38EC7C362EDD}.Release|Any CPU.ActiveCfg = Release|Any CPU
		{7462EF6C-AEF5-4CAF-909D-38EC7C362EDD}.Release|Any CPU.Build.0 = Release|Any CPU
	EndGlobalSection
	GlobalSection(SolutionProperties) = preSolution
		HideSolutionNode = FALSE
	EndGlobalSection
	GlobalSection(ExtensibilityGlobals) = postSolution
		SolutionGuid = {A3984345-FE12-4F93-803E-AE042D67C86F}
	EndGlobalSection
EndGlobal
